
Microsoft Visual Studio Solution File, Format Version 12.00
# Visual Studio 15
VisualStudioVersion = 15.0.28307.1525
MinimumVisualStudioVersion = 10.0.40219.1
Project("{FAE04EC0-301F-11D3-BF4B-00C04F79EFBC}") = "ConnectVPN", "ConnectVPN\ConnectVPN.csproj", "{9A79148C-A43E-44D2-9904-F6AC71317496}"
EndProject
Global
	GlobalSection(SolutionConfigurationPlatforms) = preSolution
		Debug|Any CPU = Debug|Any CPU
		Release|Any CPU = Release|Any CPU
	EndGlobalSection
	GlobalSection(ProjectConfigurationPlatforms) = postSolution
		{9A79148C-A43E-44D2-9904-F6AC71317496}.Debug|Any CPU.ActiveCfg = Debug|Any CPU
		{9A79148C-A43E-44D2-9904-F6AC71317496}.Debug|Any CPU.Build.0 = Debug|Any CPU
		{9A79148C-A43E-44D2-9904-F6AC71317496}.Release|Any CPU.ActiveCfg = Release|Any CPU
		{9A79148C-A43E-44D2-9904-F6AC71317496}.Release|Any CPU.Build.0 = Release|Any CPU
	EndGlobalSection
	GlobalSection(SolutionProperties) = preSolution
		HideSolutionNode = FALSE
	EndGlobalSection
	GlobalSection(ExtensibilityGlobals) = postSolution
		SolutionGuid = {70D68E2B-D5B8-412D-B0B7-87217CB51C22}
	EndGlobalSection
EndGlobal
